
Microsoft Visual Studio Solution File, Format Version 12.00
# Visual Studio Version 17
VisualStudioVersion = 17.10.35013.160
MinimumVisualStudioVersion = 10.0.40219.1
Project("{FAE04EC0-301F-11D3-BF4B-00C04F79EFBC}") = "Desk Booking Application", "Desk Booking Application\Desk Booking Application.csproj", "{36355C90-6FBC-484C-8468-60AAA7EA9FE9}"
EndProject
Global
	GlobalSection(SolutionConfigurationPlatforms) = preSolution
		Debug|Any CPU = Debug|Any CPU
		Release|Any CPU = Release|Any CPU
	EndGlobalSection
	GlobalSection(ProjectConfigurationPlatforms) = postSolution
		{36355C90-6FBC-484C-8468-60AAA7EA9FE9}.Debug|Any CPU.ActiveCfg = Debug|Any CPU
		{36355C90-6FBC-484C-8468-60AAA7EA9FE9}.Debug|Any CPU.Build.0 = Debug|Any CPU
		{36355C90-6FBC-484C-8468-60AAA7EA9FE9}.Release|Any CPU.ActiveCfg = Release|Any CPU
		{36355C90-6FBC-484C-8468-60AAA7EA9FE9}.Release|Any CPU.Build.0 = Release|Any CPU
	EndGlobalSection
	GlobalSection(SolutionProperties) = preSolution
		HideSolutionNode = FALSE
	EndGlobalSection
	GlobalSection(ExtensibilityGlobals) = postSolution
		SolutionGuid = {ED3FD119-ECE6-43CF-B05F-D00AA5CD9E0F}
	EndGlobalSection
EndGlobal
